
Microsoft Visual Studio Solution File, Format Version 12.00
# Visual Studio 15
VisualStudioVersion = 15.0.28307.421
MinimumVisualStudioVersion = 10.0.40219.1
Project("{9A19103F-16F7-4668-BE54-9A1E7A4F7556}") = "WebAzure_CICD", "WebAzure_CICD\WebAzure_CICD.csproj", "{E9C99334-E908-430B-83A4-FD0BC3C3FDAA}"
EndProject
Project("{151D2E53-A2C4-4D7D-83FE-D05416EBD58E}") = "AzureResources", "AzureResources\AzureResources.deployproj", "{857033C8-801E-4F7A-A7BB-F276176A63DA}"
EndProject
Global
	GlobalSection(SolutionConfigurationPlatforms) = preSolution
		Debug|Any CPU = Debug|Any CPU
		Release|Any CPU = Release|Any CPU
	EndGlobalSection
	GlobalSection(ProjectConfigurationPlatforms) = postSolution
		{E9C99334-E908-430B-83A4-FD0BC3C3FDAA}.Debug|Any CPU.ActiveCfg = Debug|Any CPU
		{E9C99334-E908-430B-83A4-FD0BC3C3FDAA}.Debug|Any CPU.Build.0 = Debug|Any CPU
		{E9C99334-E908-430B-83A4-FD0BC3C3FDAA}.Release|Any CPU.ActiveCfg = Release|Any CPU
		{E9C99334-E908-430B-83A4-FD0BC3C3FDAA}.Release|Any CPU.Build.0 = Release|Any CPU
		{857033C8-801E-4F7A-A7BB-F276176A63DA}.Debug|Any CPU.ActiveCfg = Debug|Any CPU
		{857033C8-801E-4F7A-A7BB-F276176A63DA}.Debug|Any CPU.Build.0 = Debug|Any CPU
		{857033C8-801E-4F7A-A7BB-F276176A63DA}.Release|Any CPU.ActiveCfg = Release|Any CPU
		{857033C8-801E-4F7A-A7BB-F276176A63DA}.Release|Any CPU.Build.0 = Release|Any CPU
	EndGlobalSection
	GlobalSection(SolutionProperties) = preSolution
		HideSolutionNode = FALSE
	EndGlobalSection
	GlobalSection(ExtensibilityGlobals) = postSolution
		SolutionGuid = {6ABAF8F5-35AA-4E52-9869-A0A3A9DCE43A}
	EndGlobalSection
EndGlobal
